
Microsoft Visual Studio Solution File, Format Version 12.00
# Visual Studio Version 16
VisualStudioVersion = 16.0.29924.181
MinimumVisualStudioVersion = 10.0.40219.1
Project("{9A19103F-16F7-4668-BE54-9A1E7A4F7556}") = "BlazorMandelbrotDeepzoom.Server", "BlazorMandelbrotDeepzoom\Server\BlazorMandelbrotDeepzoom.Server.csproj", "{66F83BF4-4BEE-4A1D-8D88-BDAB3EA48565}"
EndProject
Project("{9A19103F-16F7-4668-BE54-9A1E7A4F7556}") = "BlazorMandelbrotDeepzoom.Client", "BlazorMandelbrotDeepzoom\Client\BlazorMandelbrotDeepzoom.Client.csproj", "{73B4D248-C438-486E-B3F0-47F3980747E6}"
EndProject
Project("{9A19103F-16F7-4668-BE54-9A1E7A4F7556}") = "BlazorMandelbrotDeepzoom.Shared", "BlazorMandelbrotDeepzoom\Shared\BlazorMandelbrotDeepzoom.Shared.csproj", "{FC769F4D-54D2-4897-8616-E7C577733BC5}"
EndProject
Project("{9A19103F-16F7-4668-BE54-9A1E7A4F7556}") = "Mandelbrot", "Mandelbrot\Mandelbrot.csproj", "{27DF1403-AE8A-4B7F-BEF1-DA9FF52DD52C}"
EndProject
Project("{9A19103F-16F7-4668-BE54-9A1E7A4F7556}") = "Blazor.Extensions.Canvas", "..\..\..\BlazorExtensions\Canvas\src\Blazor.Extensions.Canvas\Blazor.Extensions.Canvas.csproj", "{C90A418E-D0FF-400C-9605-BF22FCE2A8D3}"
EndProject
Project("{9A19103F-16F7-4668-BE54-9A1E7A4F7556}") = "Blazor.Extensions.Canvas.JS", "..\..\..\BlazorExtensions\Canvas\src\Blazor.Extensions.Canvas.JS\Blazor.Extensions.Canvas.JS.csproj", "{3969A92A-17A0-4016-B7B0-88B23A0DDEBE}"
EndProject
Project("{9A19103F-16F7-4668-BE54-9A1E7A4F7556}") = "MandelbrotTest", "MandelbrotTest\MandelbrotTest.csproj", "{DCE77737-70B7-432D-95A9-DF3082D8ECD6}"
EndProject
Project("{9A19103F-16F7-4668-BE54-9A1E7A4F7556}") = "MandelbrotTest2", "MandelbrotTest2\MandelbrotTest2.csproj", "{785D6F81-BF62-4339-9855-E12D1D30CC04}"
EndProject
Project("{FAE04EC0-301F-11D3-BF4B-00C04F79EFBC}") = "BigDecimalContracts", "BigDecimalContracts\BigDecimalContracts.csproj", "{0E183B96-244C-46C3-8333-13649E180115}"
EndProject
Project("{FAE04EC0-301F-11D3-BF4B-00C04F79EFBC}") = "BigDecimalDParker", "BigDecimalDParker\BigDecimalDParker.csproj", "{5FEBA96A-E741-4E59-B0D1-2B82A35EE791}"
EndProject
Project("{FAE04EC0-301F-11D3-BF4B-00C04F79EFBC}") = "BigDecimalJavaMath", "BigDecimalJavaMath\BigDecimalJavaMath.csproj", "{2648F3A1-1B58-4ED4-9DED-23341117E6C2}"
EndProject
Project("{FAE04EC0-301F-11D3-BF4B-00C04F79EFBC}") = "BigDecimalIKVM", "BigDecimalIKVM\BigDecimalIKVM.csproj", "{4128ECA5-E3AE-433E-A94C-8A9DF2133774}"
EndProject
Global
	GlobalSection(SolutionConfigurationPlatforms) = preSolution
		Debug|Any CPU = Debug|Any CPU
		Release|Any CPU = Release|Any CPU
	EndGlobalSection
	GlobalSection(ProjectConfigurationPlatforms) = postSolution
		{66F83BF4-4BEE-4A1D-8D88-BDAB3EA48565}.Debug|Any CPU.ActiveCfg = Debug|Any CPU
		{66F83BF4-4BEE-4A1D-8D88-BDAB3EA48565}.Debug|Any CPU.Build.0 = Debug|Any CPU
		{66F83BF4-4BEE-4A1D-8D88-BDAB3EA48565}.Release|Any CPU.ActiveCfg = Release|Any CPU
		{66F83BF4-4BEE-4A1D-8D88-BDAB3EA48565}.Release|Any CPU.Build.0 = Release|Any CPU
		{73B4D248-C438-486E-B3F0-47F3980747E6}.Debug|Any CPU.ActiveCfg = Debug|Any CPU
		{73B4D248-C438-486E-B3F0-47F3980747E6}.Debug|Any CPU.Build.0 = Debug|Any CPU
		{73B4D248-C438-486E-B3F0-47F3980747E6}.Release|Any CPU.ActiveCfg = Release|Any CPU
		{73B4D248-C438-486E-B3F0-47F3980747E6}.Release|Any CPU.Build.0 = Release|Any CPU
		{FC769F4D-54D2-4897-8616-E7C577733BC5}.Debug|Any CPU.ActiveCfg = Debug|Any CPU
		{FC769F4D-54D2-4897-8616-E7C577733BC5}.Debug|Any CPU.Build.0 = Debug|Any CPU
		{FC769F4D-54D2-4897-8616-E7C577733BC5}.Release|Any CPU.ActiveCfg = Release|Any CPU
		{FC769F4D-54D2-4897-8616-E7C577733BC5}.Release|Any CPU.Build.0 = Release|Any CPU
		{27DF1403-AE8A-4B7F-BEF1-DA9FF52DD52C}.Debug|Any CPU.ActiveCfg = Debug|Any CPU
		{27DF1403-AE8A-4B7F-BEF1-DA9FF52DD52C}.Debug|Any CPU.Build.0 = Debug|Any CPU
		{27DF1403-AE8A-4B7F-BEF1-DA9FF52DD52C}.Release|Any CPU.ActiveCfg = Release|Any CPU
		{27DF1403-AE8A-4B7F-BEF1-DA9FF52DD52C}.Release|Any CPU.Build.0 = Release|Any CPU
		{C90A418E-D0FF-400C-9605-BF22FCE2A8D3}.Debug|Any CPU.ActiveCfg = Debug|Any CPU
		{C90A418E-D0FF-400C-9605-BF22FCE2A8D3}.Debug|Any CPU.Build.0 = Debug|Any CPU
		{C90A418E-D0FF-400C-9605-BF22FCE2A8D3}.Release|Any CPU.ActiveCfg = Release|Any CPU
		{C90A418E-D0FF-400C-9605-BF22FCE2A8D3}.Release|Any CPU.Build.0 = Release|Any CPU
		{3969A92A-17A0-4016-B7B0-88B23A0DDEBE}.Debug|Any CPU.ActiveCfg = Debug|Any CPU
		{3969A92A-17A0-4016-B7B0-88B23A0DDEBE}.Debug|Any CPU.Build.0 = Debug|Any CPU
		{3969A92A-17A0-4016-B7B0-88B23A0DDEBE}.Release|Any CPU.ActiveCfg = Release|Any CPU
		{3969A92A-17A0-4016-B7B0-88B23A0DDEBE}.Release|Any CPU.Build.0 = Release|Any CPU
		{DCE77737-70B7-432D-95A9-DF3082D8ECD6}.Debug|Any CPU.ActiveCfg = Debug|Any CPU
		{DCE77737-70B7-432D-95A9-DF3082D8ECD6}.Debug|Any CPU.Build.0 = Debug|Any CPU
		{DCE77737-70B7-432D-95A9-DF3082D8ECD6}.Release|Any CPU.ActiveCfg = Release|Any CPU
		{DCE77737-70B7-432D-95A9-DF3082D8ECD6}.Release|Any CPU.Build.0 = Release|Any CPU
		{785D6F81-BF62-4339-9855-E12D1D30CC04}.Debug|Any CPU.ActiveCfg = Debug|Any CPU
		{785D6F81-BF62-4339-9855-E12D1D30CC04}.Debug|Any CPU.Build.0 = Debug|Any CPU
		{785D6F81-BF62-4339-9855-E12D1D30CC04}.Release|Any CPU.ActiveCfg = Release|Any CPU
		{785D6F81-BF62-4339-9855-E12D1D30CC04}.Release|Any CPU.Build.0 = Release|Any CPU
		{0E183B96-244C-46C3-8333-13649E180115}.Debug|Any CPU.ActiveCfg = Debug|Any CPU
		{0E183B96-244C-46C3-8333-13649E180115}.Debug|Any CPU.Build.0 = Debug|Any CPU
		{0E183B96-244C-46C3-8333-13649E180115}.Release|Any CPU.ActiveCfg = Release|Any CPU
		{0E183B96-244C-46C3-8333-13649E180115}.Release|Any CPU.Build.0 = Release|Any CPU
		{5FEBA96A-E741-4E59-B0D1-2B82A35EE791}.Debug|Any CPU.ActiveCfg = Debug|Any CPU
		{5FEBA96A-E741-4E59-B0D1-2B82A35EE791}.Debug|Any CPU.Build.0 = Debug|Any CPU
		{5FEBA96A-E741-4E59-B0D1-2B82A35EE791}.Release|Any CPU.ActiveCfg = Release|Any CPU
		{5FEBA96A-E741-4E59-B0D1-2B82A35EE791}.Release|Any CPU.Build.0 = Release|Any CPU
		{2648F3A1-1B58-4ED4-9DED-23341117E6C2}.Debug|Any CPU.ActiveCfg = Debug|Any CPU
		{2648F3A1-1B58-4ED4-9DED-23341117E6C2}.Debug|Any CPU.Build.0 = Debug|Any CPU
		{2648F3A1-1B58-4ED4-9DED-23341117E6C2}.Release|Any CPU.ActiveCfg = Release|Any CPU
		{2648F3A1-1B58-4ED4-9DED-23341117E6C2}.Release|Any CPU.Build.0 = Release|Any CPU
		{4128ECA5-E3AE-433E-A94C-8A9DF2133774}.Debug|Any CPU.ActiveCfg = Debug|Any CPU
		{4128ECA5-E3AE-433E-A94C-8A9DF2133774}.Debug|Any CPU.Build.0 = Debug|Any CPU
		{4128ECA5-E3AE-433E-A94C-8A9DF2133774}.Release|Any CPU.ActiveCfg = Release|Any CPU
		{4128ECA5-E3AE-433E-A94C-8A9DF2133774}.Release|Any CPU.Build.0 = Release|Any CPU
	EndGlobalSection
	GlobalSection(SolutionProperties) = preSolution
		HideSolutionNode = FALSE
	EndGlobalSection
	GlobalSection(ExtensibilityGlobals) = postSolution
		SolutionGuid = {B14B3245-733C-4D23-A4FE-D60005C56A00}
	EndGlobalSection
EndGlobal
